
Microsoft Visual Studio Solution File, Format Version 12.00
# Visual Studio 14
VisualStudioVersion = 14.0.23107.0
MinimumVisualStudioVersion = 10.0.40219.1
Project("{FAE04EC0-301F-11D3-BF4B-00C04F79EFBC}") = "Schema.Common", "Schema.Common\Schema.Common.csproj", "{C0AFC76F-04C5-464F-A6A0-C79EAF1EAB6C}"
EndProject
Project("{FAE04EC0-301F-11D3-BF4B-00C04F79EFBC}") = "Schema.Launcher", "Schema.Launcher\Schema.Launcher.csproj", "{BDD474F1-0017-4B24-B150-FE763C6A1FD7}"
EndProject
Project("{FAE04EC0-301F-11D3-BF4B-00C04F79EFBC}") = "Schema.Views", "Schema.Views\Schema.Views.csproj", "{4C456B9D-F442-46D4-8A79-CCA945D41EFC}"
EndProject
Project("{FAE04EC0-301F-11D3-BF4B-00C04F79EFBC}") = "Schema.ViewModels", "Schema.ViewModels\Schema.ViewModels.csproj", "{B3569BB4-15D7-48A3-882B-FC03C5AD51A4}"
EndProject
Project("{FAE04EC0-301F-11D3-BF4B-00C04F79EFBC}") = "Schema.Models.SqlServer", "Schema.Models.SqlServer\Schema.Models.SqlServer.csproj", "{8C127482-62F2-4E99-8DF0-FA878A1BD426}"
EndProject
Project("{FAE04EC0-301F-11D3-BF4B-00C04F79EFBC}") = "Schema.Models.IsolatedStorage", "Schema.Models.IsolatedStorage\Schema.Models.IsolatedStorage.csproj", "{8DD5B5A0-BD77-46E9-991B-1A406DD78F9D}"
EndProject
Project("{FAE04EC0-301F-11D3-BF4B-00C04F79EFBC}") = "Schema.Models.MySql", "Schema.Models.MySql\Schema.Models.MySql.csproj", "{2467B276-EA98-4B6C-BF56-CC59D972590A}"
EndProject
Project("{2150E333-8FDC-42A3-9474-1A3956D46DE8}") = "DatabaseModels", "DatabaseModels", "{F0AD9B23-E3EF-4375-BB38-233162FCFC26}"
EndProject
Global
	GlobalSection(SolutionConfigurationPlatforms) = preSolution
		Debug|Any CPU = Debug|Any CPU
		Release|Any CPU = Release|Any CPU
	EndGlobalSection
	GlobalSection(ProjectConfigurationPlatforms) = postSolution
		{C0AFC76F-04C5-464F-A6A0-C79EAF1EAB6C}.Debug|Any CPU.ActiveCfg = Debug|Any CPU
		{C0AFC76F-04C5-464F-A6A0-C79EAF1EAB6C}.Debug|Any CPU.Build.0 = Debug|Any CPU
		{C0AFC76F-04C5-464F-A6A0-C79EAF1EAB6C}.Release|Any CPU.ActiveCfg = Release|Any CPU
		{C0AFC76F-04C5-464F-A6A0-C79EAF1EAB6C}.Release|Any CPU.Build.0 = Release|Any CPU
		{BDD474F1-0017-4B24-B150-FE763C6A1FD7}.Debug|Any CPU.ActiveCfg = Debug|Any CPU
		{BDD474F1-0017-4B24-B150-FE763C6A1FD7}.Debug|Any CPU.Build.0 = Debug|Any CPU
		{BDD474F1-0017-4B24-B150-FE763C6A1FD7}.Release|Any CPU.ActiveCfg = Release|Any CPU
		{BDD474F1-0017-4B24-B150-FE763C6A1FD7}.Release|Any CPU.Build.0 = Release|Any CPU
		{4C456B9D-F442-46D4-8A79-CCA945D41EFC}.Debug|Any CPU.ActiveCfg = Debug|Any CPU
		{4C456B9D-F442-46D4-8A79-CCA945D41EFC}.Debug|Any CPU.Build.0 = Debug|Any CPU
		{4C456B9D-F442-46D4-8A79-CCA945D41EFC}.Release|Any CPU.ActiveCfg = Release|Any CPU
		{4C456B9D-F442-46D4-8A79-CCA945D41EFC}.Release|Any CPU.Build.0 = Release|Any CPU
		{B3569BB4-15D7-48A3-882B-FC03C5AD51A4}.Debug|Any CPU.ActiveCfg = Debug|Any CPU
		{B3569BB4-15D7-48A3-882B-FC03C5AD51A4}.Debug|Any CPU.Build.0 = Debug|Any CPU
		{B3569BB4-15D7-48A3-882B-FC03C5AD51A4}.Release|Any CPU.ActiveCfg = Release|Any CPU
		{B3569BB4-15D7-48A3-882B-FC03C5AD51A4}.Release|Any CPU.Build.0 = Release|Any CPU
		{8C127482-62F2-4E99-8DF0-FA878A1BD426}.Debug|Any CPU.ActiveCfg = Debug|Any CPU
		{8C127482-62F2-4E99-8DF0-FA878A1BD426}.Debug|Any CPU.Build.0 = Debug|Any CPU
		{8C127482-62F2-4E99-8DF0-FA878A1BD426}.Release|Any CPU.ActiveCfg = Release|Any CPU
		{8C127482-62F2-4E99-8DF0-FA878A1BD426}.Release|Any CPU.Build.0 = Release|Any CPU
		{8DD5B5A0-BD77-46E9-991B-1A406DD78F9D}.Debug|Any CPU.ActiveCfg = Debug|Any CPU
		{8DD5B5A0-BD77-46E9-991B-1A406DD78F9D}.Debug|Any CPU.Build.0 = Debug|Any CPU
		{8DD5B5A0-BD77-46E9-991B-1A406DD78F9D}.Release|Any CPU.ActiveCfg = Release|Any CPU
		{8DD5B5A0-BD77-46E9-991B-1A406DD78F9D}.Release|Any CPU.Build.0 = Release|Any CPU
		{2467B276-EA98-4B6C-BF56-CC59D972590A}.Debug|Any CPU.ActiveCfg = Debug|Any CPU
		{2467B276-EA98-4B6C-BF56-CC59D972590A}.Debug|Any CPU.Build.0 = Debug|Any CPU
		{2467B276-EA98-4B6C-BF56-CC59D972590A}.Release|Any CPU.ActiveCfg = Release|Any CPU
		{2467B276-EA98-4B6C-BF56-CC59D972590A}.Release|Any CPU.Build.0 = Release|Any CPU
	EndGlobalSection
	GlobalSection(SolutionProperties) = preSolution
		HideSolutionNode = FALSE
	EndGlobalSection
	GlobalSection(NestedProjects) = preSolution
		{8C127482-62F2-4E99-8DF0-FA878A1BD426} = {F0AD9B23-E3EF-4375-BB38-233162FCFC26}
		{2467B276-EA98-4B6C-BF56-CC59D972590A} = {F0AD9B23-E3EF-4375-BB38-233162FCFC26}
	EndGlobalSection
EndGlobal
