
Microsoft Visual Studio Solution File, Format Version 12.00
# Visual Studio 15
VisualStudioVersion = 15.0.27703.2026
MinimumVisualStudioVersion = 10.0.40219.1
Project("{FAE04EC0-301F-11D3-BF4B-00C04F79EFBC}") = "Schema.Common", "Schema.Common\Schema.Common.csproj", "{C0AFC76F-04C5-464F-A6A0-C79EAF1EAB6C}"
EndProject
Project("{FAE04EC0-301F-11D3-BF4B-00C04F79EFBC}") = "Schema.Launcher", "Schema.Launcher\Schema.Launcher.csproj", "{BDD474F1-0017-4B24-B150-FE763C6A1FD7}"
EndProject
Project("{FAE04EC0-301F-11D3-BF4B-00C04F79EFBC}") = "Schema.Views", "Schema.Views\Schema.Views.csproj", "{4C456B9D-F442-46D4-8A79-CCA945D41EFC}"
EndProject
Project("{FAE04EC0-301F-11D3-BF4B-00C04F79EFBC}") = "Schema.ViewModels", "Schema.ViewModels\Schema.ViewModels.csproj", "{B3569BB4-15D7-48A3-882B-FC03C5AD51A4}"
EndProject
Project("{FAE04EC0-301F-11D3-BF4B-00C04F79EFBC}") = "Schema.Models.SqlServer", "Schema.Models.SqlServer\Schema.Models.SqlServer.csproj", "{8C127482-62F2-4E99-8DF0-FA878A1BD426}"
EndProject
Project("{FAE04EC0-301F-11D3-BF4B-00C04F79EFBC}") = "Schema.Models.IsolatedStorage", "Schema.Models.IsolatedStorage\Schema.Models.IsolatedStorage.csproj", "{8DD5B5A0-BD77-46E9-991B-1A406DD78F9D}"
EndProject
Project("{FAE04EC0-301F-11D3-BF4B-00C04F79EFBC}") = "Schema.Models.MySql", "Schema.Models.MySql\Schema.Models.MySql.csproj", "{2467B276-EA98-4B6C-BF56-CC59D972590A}"
EndProject
Project("{2150E333-8FDC-42A3-9474-1A3956D46DE8}") = "DatabaseModels", "DatabaseModels", "{F0AD9B23-E3EF-4375-BB38-233162FCFC26}"
EndProject
Project("{2150E333-8FDC-42A3-9474-1A3956D46DE8}") = "CodeGeneration", "CodeGeneration", "{BF92315B-B397-4D90-864F-16EAB75F0474}"
EndProject
Project("{FAE04EC0-301F-11D3-BF4B-00C04F79EFBC}") = "Schema.CodeGeneration.RazorEngine", "Schema.CodeGeneration.RazorEngine\Schema.CodeGeneration.RazorEngine.csproj", "{558D03FD-5BF5-4FE5-AECB-3C9ACB6C8E6E}"
EndProject
Project("{FAE04EC0-301F-11D3-BF4B-00C04F79EFBC}") = "TemplateTester", "TemplateTester\TemplateTester.csproj", "{CC1EBFBC-1C25-4A3A-BFEE-52CBB87E2B11}"
EndProject
Project("{FAE04EC0-301F-11D3-BF4B-00C04F79EFBC}") = "PsSchema", "PsSchema\PsSchema.csproj", "{5045BBEE-3606-4E02-AADF-A597655759C8}"
EndProject
Global
	GlobalSection(SolutionConfigurationPlatforms) = preSolution
		Debug|Any CPU = Debug|Any CPU
		Release|Any CPU = Release|Any CPU
	EndGlobalSection
	GlobalSection(ProjectConfigurationPlatforms) = postSolution
		{C0AFC76F-04C5-464F-A6A0-C79EAF1EAB6C}.Debug|Any CPU.ActiveCfg = Debug|Any CPU
		{C0AFC76F-04C5-464F-A6A0-C79EAF1EAB6C}.Debug|Any CPU.Build.0 = Debug|Any CPU
		{C0AFC76F-04C5-464F-A6A0-C79EAF1EAB6C}.Release|Any CPU.ActiveCfg = Release|Any CPU
		{C0AFC76F-04C5-464F-A6A0-C79EAF1EAB6C}.Release|Any CPU.Build.0 = Release|Any CPU
		{BDD474F1-0017-4B24-B150-FE763C6A1FD7}.Debug|Any CPU.ActiveCfg = Debug|Any CPU
		{BDD474F1-0017-4B24-B150-FE763C6A1FD7}.Debug|Any CPU.Build.0 = Debug|Any CPU
		{BDD474F1-0017-4B24-B150-FE763C6A1FD7}.Release|Any CPU.ActiveCfg = Release|Any CPU
		{BDD474F1-0017-4B24-B150-FE763C6A1FD7}.Release|Any CPU.Build.0 = Release|Any CPU
		{4C456B9D-F442-46D4-8A79-CCA945D41EFC}.Debug|Any CPU.ActiveCfg = Debug|Any CPU
		{4C456B9D-F442-46D4-8A79-CCA945D41EFC}.Debug|Any CPU.Build.0 = Debug|Any CPU
		{4C456B9D-F442-46D4-8A79-CCA945D41EFC}.Release|Any CPU.ActiveCfg = Release|Any CPU
		{4C456B9D-F442-46D4-8A79-CCA945D41EFC}.Release|Any CPU.Build.0 = Release|Any CPU
		{B3569BB4-15D7-48A3-882B-FC03C5AD51A4}.Debug|Any CPU.ActiveCfg = Debug|Any CPU
		{B3569BB4-15D7-48A3-882B-FC03C5AD51A4}.Debug|Any CPU.Build.0 = Debug|Any CPU
		{B3569BB4-15D7-48A3-882B-FC03C5AD51A4}.Release|Any CPU.ActiveCfg = Release|Any CPU
		{B3569BB4-15D7-48A3-882B-FC03C5AD51A4}.Release|Any CPU.Build.0 = Release|Any CPU
		{8C127482-62F2-4E99-8DF0-FA878A1BD426}.Debug|Any CPU.ActiveCfg = Debug|Any CPU
		{8C127482-62F2-4E99-8DF0-FA878A1BD426}.Debug|Any CPU.Build.0 = Debug|Any CPU
		{8C127482-62F2-4E99-8DF0-FA878A1BD426}.Release|Any CPU.ActiveCfg = Release|Any CPU
		{8C127482-62F2-4E99-8DF0-FA878A1BD426}.Release|Any CPU.Build.0 = Release|Any CPU
		{8DD5B5A0-BD77-46E9-991B-1A406DD78F9D}.Debug|Any CPU.ActiveCfg = Debug|Any CPU
		{8DD5B5A0-BD77-46E9-991B-1A406DD78F9D}.Debug|Any CPU.Build.0 = Debug|Any CPU
		{8DD5B5A0-BD77-46E9-991B-1A406DD78F9D}.Release|Any CPU.ActiveCfg = Release|Any CPU
		{8DD5B5A0-BD77-46E9-991B-1A406DD78F9D}.Release|Any CPU.Build.0 = Release|Any CPU
		{2467B276-EA98-4B6C-BF56-CC59D972590A}.Debug|Any CPU.ActiveCfg = Debug|Any CPU
		{2467B276-EA98-4B6C-BF56-CC59D972590A}.Debug|Any CPU.Build.0 = Debug|Any CPU
		{2467B276-EA98-4B6C-BF56-CC59D972590A}.Release|Any CPU.ActiveCfg = Release|Any CPU
		{2467B276-EA98-4B6C-BF56-CC59D972590A}.Release|Any CPU.Build.0 = Release|Any CPU
		{558D03FD-5BF5-4FE5-AECB-3C9ACB6C8E6E}.Debug|Any CPU.ActiveCfg = Debug|Any CPU
		{558D03FD-5BF5-4FE5-AECB-3C9ACB6C8E6E}.Debug|Any CPU.Build.0 = Debug|Any CPU
		{558D03FD-5BF5-4FE5-AECB-3C9ACB6C8E6E}.Release|Any CPU.ActiveCfg = Release|Any CPU
		{558D03FD-5BF5-4FE5-AECB-3C9ACB6C8E6E}.Release|Any CPU.Build.0 = Release|Any CPU
		{CC1EBFBC-1C25-4A3A-BFEE-52CBB87E2B11}.Debug|Any CPU.ActiveCfg = Debug|Any CPU
		{CC1EBFBC-1C25-4A3A-BFEE-52CBB87E2B11}.Debug|Any CPU.Build.0 = Debug|Any CPU
		{CC1EBFBC-1C25-4A3A-BFEE-52CBB87E2B11}.Release|Any CPU.ActiveCfg = Release|Any CPU
		{CC1EBFBC-1C25-4A3A-BFEE-52CBB87E2B11}.Release|Any CPU.Build.0 = Release|Any CPU
		{5045BBEE-3606-4E02-AADF-A597655759C8}.Debug|Any CPU.ActiveCfg = Debug|Any CPU
		{5045BBEE-3606-4E02-AADF-A597655759C8}.Debug|Any CPU.Build.0 = Debug|Any CPU
		{5045BBEE-3606-4E02-AADF-A597655759C8}.Release|Any CPU.ActiveCfg = Release|Any CPU
		{5045BBEE-3606-4E02-AADF-A597655759C8}.Release|Any CPU.Build.0 = Release|Any CPU
	EndGlobalSection
	GlobalSection(SolutionProperties) = preSolution
		HideSolutionNode = FALSE
	EndGlobalSection
	GlobalSection(NestedProjects) = preSolution
		{8C127482-62F2-4E99-8DF0-FA878A1BD426} = {F0AD9B23-E3EF-4375-BB38-233162FCFC26}
		{2467B276-EA98-4B6C-BF56-CC59D972590A} = {F0AD9B23-E3EF-4375-BB38-233162FCFC26}
		{558D03FD-5BF5-4FE5-AECB-3C9ACB6C8E6E} = {BF92315B-B397-4D90-864F-16EAB75F0474}
		{CC1EBFBC-1C25-4A3A-BFEE-52CBB87E2B11} = {BF92315B-B397-4D90-864F-16EAB75F0474}
	EndGlobalSection
	GlobalSection(ExtensibilityGlobals) = postSolution
		SolutionGuid = {DD9B6F5F-0F27-4BAE-BF52-B850C75D6AC9}
	EndGlobalSection
EndGlobal
